// !$*UTF8*$!
{
	archiveVersion = 1;
	classes = {
	};
	objectVersion = 46;
	objects = {

/* Begin PBXBuildFile section */
		3F1CABF71C74B84D0048BB0C /* AppDelegate.swift in Sources */ = {isa = PBXBuildFile; fileRef = 3F1CABF61C74B84D0048BB0C /* AppDelegate.swift */; };
		3F1CABF91C74B84D0048BB0C /* ViewController.swift in Sources */ = {isa = PBXBuildFile; fileRef = 3F1CABF81C74B84D0048BB0C /* ViewController.swift */; };
		3F1CABFC1C74B84D0048BB0C /* Main.storyboard in Resources */ = {isa = PBXBuildFile; fileRef = 3F1CABFA1C74B84D0048BB0C /* Main.storyboard */; };
		3F1CABFE1C74B84D0048BB0C /* Assets.xcassets in Resources */ = {isa = PBXBuildFile; fileRef = 3F1CABFD1C74B84D0048BB0C /* Assets.xcassets */; };
		3F1CAC011C74B84D0048BB0C /* LaunchScreen.storyboard in Resources */ = {isa = PBXBuildFile; fileRef = 3F1CABFF1C74B84D0048BB0C /* LaunchScreen.storyboard */; };
		3F1CAC0C1C74B84E0048BB0C /* EchoTests.swift in Sources */ = {isa = PBXBuildFile; fileRef = 3F1CAC0B1C74B84E0048BB0C /* EchoTests.swift */; };
		3F1CAC171C74B84E0048BB0C /* EchoUITests.swift in Sources */ = {isa = PBXBuildFile; fileRef = 3F1CAC161C74B84E0048BB0C /* EchoUITests.swift */; };
		3F1CAC271C74B9F10048BB0C /* LoginViewController.swift in Sources */ = {isa = PBXBuildFile; fileRef = 3F1CAC261C74B9F10048BB0C /* LoginViewController.swift */; settings = {ASSET_TAGS = (); }; };
		3F1CAC291C74BA950048BB0C /* Voice.swift in Sources */ = {isa = PBXBuildFile; fileRef = 3F1CAC281C74BA950048BB0C /* Voice.swift */; settings = {ASSET_TAGS = (); }; };
		3F2361DC1C87341B008C53E8 /* RecordViewController.swift in Sources */ = {isa = PBXBuildFile; fileRef = 3F2361DB1C87341B008C53E8 /* RecordViewController.swift */; settings = {ASSET_TAGS = (); }; };
		3F2402C11CB2A5F800E0E92D /* EchoLabelView.swift in Sources */ = {isa = PBXBuildFile; fileRef = 3F2402C01CB2A5F800E0E92D /* EchoLabelView.swift */; settings = {ASSET_TAGS = (); }; };
		3F2402C31CB2DF4F00E0E92D /* CircularLoaderView.swift in Sources */ = {isa = PBXBuildFile; fileRef = 3F2402C21CB2DF4F00E0E92D /* CircularLoaderView.swift */; settings = {ASSET_TAGS = (); }; };
		3F2402C91CB2E28300E0E92D /* ChatViewController.swift in Sources */ = {isa = PBXBuildFile; fileRef = 3F2402C81CB2E28300E0E92D /* ChatViewController.swift */; settings = {ASSET_TAGS = (); }; };
		3F2402CB1CB2ED1200E0E92D /* PlayBtnView.swift in Sources */ = {isa = PBXBuildFile; fileRef = 3F2402CA1CB2ED1200E0E92D /* PlayBtnView.swift */; settings = {ASSET_TAGS = (); }; };
		3F2AF1591CB18AD7002856C5 /* UploadViewController.swift in Sources */ = {isa = PBXBuildFile; fileRef = 3F2AF1581CB18AD7002856C5 /* UploadViewController.swift */; settings = {ASSET_TAGS = (); }; };
		3F2E729B1CAA349900DB3E35 /* InfoViewController.swift in Sources */ = {isa = PBXBuildFile; fileRef = 3F2E729A1CAA349900DB3E35 /* InfoViewController.swift */; settings = {ASSET_TAGS = (); }; };
		3F2E729D1CAA35F800DB3E35 /* ExplorationViewController.swift in Sources */ = {isa = PBXBuildFile; fileRef = 3F2E729C1CAA35F800DB3E35 /* ExplorationViewController.swift */; settings = {ASSET_TAGS = (); }; };
		3F2E729F1CAA48B000DB3E35 /* SignUpViewController.swift in Sources */ = {isa = PBXBuildFile; fileRef = 3F2E729E1CAA48B000DB3E35 /* SignUpViewController.swift */; settings = {ASSET_TAGS = (); }; };
		3F2E84FC1CB05FF2003458E4 /* EchoFeedTableViewCell.swift in Sources */ = {isa = PBXBuildFile; fileRef = 3F2E84FB1CB05FF2003458E4 /* EchoFeedTableViewCell.swift */; settings = {ASSET_TAGS = (); }; };
		3F394B371CB8ABAF0082F732 /* RecordBtnView.swift in Sources */ = {isa = PBXBuildFile; fileRef = 3F394B361CB8ABAF0082F732 /* RecordBtnView.swift */; settings = {ASSET_TAGS = (); }; };
		3F394B391CB96F8C0082F732 /* ButtonState.swift in Sources */ = {isa = PBXBuildFile; fileRef = 3F394B381CB96F8C0082F732 /* ButtonState.swift */; settings = {ASSET_TAGS = (); }; };
		3F394B3B1CB983610082F732 /* NSNotificationCenterKeys.swift in Sources */ = {isa = PBXBuildFile; fileRef = 3F394B3A1CB983610082F732 /* NSNotificationCenterKeys.swift */; settings = {ASSET_TAGS = (); }; };
		6C5036A613AB26C94FE8AA2A /* Pods.framework in Frameworks */ = {isa = PBXBuildFile; fileRef = 7C0CFA9DEBB7C77F8F097D70 /* Pods.framework */; settings = {ATTRIBUTES = (Weak, ); }; };
/* End PBXBuildFile section */

/* Begin PBXContainerItemProxy section */
		3F1CAC081C74B84E0048BB0C /* PBXContainerItemProxy */ = {
			isa = PBXContainerItemProxy;
			containerPortal = 3F1CABEB1C74B84D0048BB0C /* Project object */;
			proxyType = 1;
			remoteGlobalIDString = 3F1CABF21C74B84D0048BB0C;
			remoteInfo = Echo;
		};
		3F1CAC131C74B84E0048BB0C /* PBXContainerItemProxy */ = {
			isa = PBXContainerItemProxy;
			containerPortal = 3F1CABEB1C74B84D0048BB0C /* Project object */;
			proxyType = 1;
			remoteGlobalIDString = 3F1CABF21C74B84D0048BB0C;
			remoteInfo = Echo;
		};
/* End PBXContainerItemProxy section */

/* Begin PBXFileReference section */
		3F1CABF31C74B84D0048BB0C /* Echo.app */ = {isa = PBXFileReference; explicitFileType = wrapper.application; includeInIndex = 0; path = Echo.app; sourceTree = BUILT_PRODUCTS_DIR; };
		3F1CABF61C74B84D0048BB0C /* AppDelegate.swift */ = {isa = PBXFileReference; lastKnownFileType = sourcecode.swift; path = AppDelegate.swift; sourceTree = "<group>"; };
		3F1CABF81C74B84D0048BB0C /* ViewController.swift */ = {isa = PBXFileReference; lastKnownFileType = sourcecode.swift; path = ViewController.swift; sourceTree = "<group>"; };
		3F1CABFB1C74B84D0048BB0C /* Base */ = {isa = PBXFileReference; lastKnownFileType = file.storyboard; name = Base; path = Base.lproj/Main.storyboard; sourceTree = "<group>"; };
		3F1CABFD1C74B84D0048BB0C /* Assets.xcassets */ = {isa = PBXFileReference; lastKnownFileType = folder.assetcatalog; path = Assets.xcassets; sourceTree = "<group>"; };
		3F1CAC001C74B84D0048BB0C /* Base */ = {isa = PBXFileReference; lastKnownFileType = file.storyboard; name = Base; path = Base.lproj/LaunchScreen.storyboard; sourceTree = "<group>"; };
		3F1CAC021C74B84D0048BB0C /* Info.plist */ = {isa = PBXFileReference; lastKnownFileType = text.plist.xml; path = Info.plist; sourceTree = "<group>"; };
		3F1CAC071C74B84E0048BB0C /* EchoTests.xctest */ = {isa = PBXFileReference; explicitFileType = wrapper.cfbundle; includeInIndex = 0; path = EchoTests.xctest; sourceTree = BUILT_PRODUCTS_DIR; };
		3F1CAC0B1C74B84E0048BB0C /* EchoTests.swift */ = {isa = PBXFileReference; lastKnownFileType = sourcecode.swift; path = EchoTests.swift; sourceTree = "<group>"; };
		3F1CAC0D1C74B84E0048BB0C /* Info.plist */ = {isa = PBXFileReference; lastKnownFileType = text.plist.xml; path = Info.plist; sourceTree = "<group>"; };
		3F1CAC121C74B84E0048BB0C /* EchoUITests.xctest */ = {isa = PBXFileReference; explicitFileType = wrapper.cfbundle; includeInIndex = 0; path = EchoUITests.xctest; sourceTree = BUILT_PRODUCTS_DIR; };
		3F1CAC161C74B84E0048BB0C /* EchoUITests.swift */ = {isa = PBXFileReference; lastKnownFileType = sourcecode.swift; path = EchoUITests.swift; sourceTree = "<group>"; };
		3F1CAC181C74B84E0048BB0C /* Info.plist */ = {isa = PBXFileReference; lastKnownFileType = text.plist.xml; path = Info.plist; sourceTree = "<group>"; };
		3F1CAC261C74B9F10048BB0C /* LoginViewController.swift */ = {isa = PBXFileReference; fileEncoding = 4; lastKnownFileType = sourcecode.swift; path = LoginViewController.swift; sourceTree = "<group>"; };
		3F1CAC281C74BA950048BB0C /* Voice.swift */ = {isa = PBXFileReference; fileEncoding = 4; lastKnownFileType = sourcecode.swift; path = Voice.swift; sourceTree = "<group>"; };
		3F2361DB1C87341B008C53E8 /* RecordViewController.swift */ = {isa = PBXFileReference; fileEncoding = 4; lastKnownFileType = sourcecode.swift; path = RecordViewController.swift; sourceTree = "<group>"; };
		3F2402C01CB2A5F800E0E92D /* EchoLabelView.swift */ = {isa = PBXFileReference; fileEncoding = 4; lastKnownFileType = sourcecode.swift; path = EchoLabelView.swift; sourceTree = "<group>"; };
		3F2402C21CB2DF4F00E0E92D /* CircularLoaderView.swift */ = {isa = PBXFileReference; fileEncoding = 4; lastKnownFileType = sourcecode.swift; path = CircularLoaderView.swift; sourceTree = "<group>"; };
		3F2402C81CB2E28300E0E92D /* ChatViewController.swift */ = {isa = PBXFileReference; fileEncoding = 4; lastKnownFileType = sourcecode.swift; path = ChatViewController.swift; sourceTree = "<group>"; };
		3F2402CA1CB2ED1200E0E92D /* PlayBtnView.swift */ = {isa = PBXFileReference; fileEncoding = 4; lastKnownFileType = sourcecode.swift; path = PlayBtnView.swift; sourceTree = "<group>"; };
		3F2AF1581CB18AD7002856C5 /* UploadViewController.swift */ = {isa = PBXFileReference; fileEncoding = 4; lastKnownFileType = sourcecode.swift; path = UploadViewController.swift; sourceTree = "<group>"; };
		3F2E729A1CAA349900DB3E35 /* InfoViewController.swift */ = {isa = PBXFileReference; fileEncoding = 4; lastKnownFileType = sourcecode.swift; path = InfoViewController.swift; sourceTree = "<group>"; };
		3F2E729C1CAA35F800DB3E35 /* ExplorationViewController.swift */ = {isa = PBXFileReference; fileEncoding = 4; lastKnownFileType = sourcecode.swift; path = ExplorationViewController.swift; sourceTree = "<group>"; };
		3F2E729E1CAA48B000DB3E35 /* SignUpViewController.swift */ = {isa = PBXFileReference; fileEncoding = 4; lastKnownFileType = sourcecode.swift; path = SignUpViewController.swift; sourceTree = "<group>"; };
		3F2E84FB1CB05FF2003458E4 /* EchoFeedTableViewCell.swift */ = {isa = PBXFileReference; fileEncoding = 4; lastKnownFileType = sourcecode.swift; path = EchoFeedTableViewCell.swift; sourceTree = "<group>"; };
		3F394B361CB8ABAF0082F732 /* RecordBtnView.swift */ = {isa = PBXFileReference; fileEncoding = 4; lastKnownFileType = sourcecode.swift; path = RecordBtnView.swift; sourceTree = "<group>"; };
		3F394B381CB96F8C0082F732 /* ButtonState.swift */ = {isa = PBXFileReference; fileEncoding = 4; lastKnownFileType = sourcecode.swift; path = ButtonState.swift; sourceTree = "<group>"; };
		3F394B3A1CB983610082F732 /* NSNotificationCenterKeys.swift */ = {isa = PBXFileReference; fileEncoding = 4; lastKnownFileType = sourcecode.swift; path = NSNotificationCenterKeys.swift; sourceTree = "<group>"; };
		6689266739FA845182F693AF /* Pods.release.xcconfig */ = {isa = PBXFileReference; includeInIndex = 1; lastKnownFileType = text.xcconfig; name = Pods.release.xcconfig; path = "Pods/Target Support Files/Pods/Pods.release.xcconfig"; sourceTree = "<group>"; };
		7C0CFA9DEBB7C77F8F097D70 /* Pods.framework */ = {isa = PBXFileReference; explicitFileType = wrapper.framework; includeInIndex = 0; path = Pods.framework; sourceTree = BUILT_PRODUCTS_DIR; };
		B21F5352CEF724271434D1F8 /* Pods.debug.xcconfig */ = {isa = PBXFileReference; includeInIndex = 1; lastKnownFileType = text.xcconfig; name = Pods.debug.xcconfig; path = "Pods/Target Support Files/Pods/Pods.debug.xcconfig"; sourceTree = "<group>"; };
/* End PBXFileReference section */

/* Begin PBXFrameworksBuildPhase section */
		3F1CABF01C74B84D0048BB0C /* Frameworks */ = {
			isa = PBXFrameworksBuildPhase;
			buildActionMask = 2147483647;
			files = (
				6C5036A613AB26C94FE8AA2A /* Pods.framework in Frameworks */,
			);
			runOnlyForDeploymentPostprocessing = 0;
		};
		3F1CAC041C74B84E0048BB0C /* Frameworks */ = {
			isa = PBXFrameworksBuildPhase;
			buildActionMask = 2147483647;
			files = (
			);
			runOnlyForDeploymentPostprocessing = 0;
		};
		3F1CAC0F1C74B84E0048BB0C /* Frameworks */ = {
			isa = PBXFrameworksBuildPhase;
			buildActionMask = 2147483647;
			files = (
			);
			runOnlyForDeploymentPostprocessing = 0;
		};
/* End PBXFrameworksBuildPhase section */

/* Begin PBXGroup section */
		3F1CABEA1C74B84D0048BB0C = {
			isa = PBXGroup;
			children = (
				3F1CABF51C74B84D0048BB0C /* Echo */,
				3F1CAC0A1C74B84E0048BB0C /* EchoTests */,
				3F1CAC151C74B84E0048BB0C /* EchoUITests */,
				3F1CABF41C74B84D0048BB0C /* Products */,
				E20C99797D9734D5F79F9072 /* Pods */,
				436A3E29FA34FE00F3DBC662 /* Frameworks */,
			);
			sourceTree = "<group>";
		};
		3F1CABF41C74B84D0048BB0C /* Products */ = {
			isa = PBXGroup;
			children = (
				3F1CABF31C74B84D0048BB0C /* Echo.app */,
				3F1CAC071C74B84E0048BB0C /* EchoTests.xctest */,
				3F1CAC121C74B84E0048BB0C /* EchoUITests.xctest */,
			);
			name = Products;
			sourceTree = "<group>";
		};
		3F1CABF51C74B84D0048BB0C /* Echo */ = {
			isa = PBXGroup;
			children = (
				3F1CAC261C74B9F10048BB0C /* LoginViewController.swift */,
				3F2E729E1CAA48B000DB3E35 /* SignUpViewController.swift */,
				3F1CABF61C74B84D0048BB0C /* AppDelegate.swift */,
				3F1CABF81C74B84D0048BB0C /* ViewController.swift */,
				3F1CABFA1C74B84D0048BB0C /* Main.storyboard */,
				3F1CABFD1C74B84D0048BB0C /* Assets.xcassets */,
				3F1CABFF1C74B84D0048BB0C /* LaunchScreen.storyboard */,
				3F1CAC021C74B84D0048BB0C /* Info.plist */,
				3F1CAC281C74BA950048BB0C /* Voice.swift */,
				3F2361DB1C87341B008C53E8 /* RecordViewController.swift */,
				3F2E729A1CAA349900DB3E35 /* InfoViewController.swift */,
				3F2E729C1CAA35F800DB3E35 /* ExplorationViewController.swift */,
				3F2402C01CB2A5F800E0E92D /* EchoLabelView.swift */,
				3F2E84FB1CB05FF2003458E4 /* EchoFeedTableViewCell.swift */,
				3F2AF1581CB18AD7002856C5 /* UploadViewController.swift */,
				3F2402C21CB2DF4F00E0E92D /* CircularLoaderView.swift */,
				3F394B3A1CB983610082F732 /* NSNotificationCenterKeys.swift */,
				3F2402C81CB2E28300E0E92D /* ChatViewController.swift */,
				3F2402CA1CB2ED1200E0E92D /* PlayBtnView.swift */,
				3F394B361CB8ABAF0082F732 /* RecordBtnView.swift */,
				3F394B381CB96F8C0082F732 /* ButtonState.swift */,
			);
			path = Echo;
			sourceTree = "<group>";
		};
		3F1CAC0A1C74B84E0048BB0C /* EchoTests */ = {
			isa = PBXGroup;
			children = (
				3F1CAC0B1C74B84E0048BB0C /* EchoTests.swift */,
				3F1CAC0D1C74B84E0048BB0C /* Info.plist */,
			);
			path = EchoTests;
			sourceTree = "<group>";
		};
		3F1CAC151C74B84E0048BB0C /* EchoUITests */ = {
			isa = PBXGroup;
			children = (
				3F1CAC161C74B84E0048BB0C /* EchoUITests.swift */,
				3F1CAC181C74B84E0048BB0C /* Info.plist */,
			);
			path = EchoUITests;
			sourceTree = "<group>";
		};
		436A3E29FA34FE00F3DBC662 /* Frameworks */ = {
			isa = PBXGroup;
			children = (
				7C0CFA9DEBB7C77F8F097D70 /* Pods.framework */,
			);
			name = Frameworks;
			sourceTree = "<group>";
		};
		E20C99797D9734D5F79F9072 /* Pods */ = {
			isa = PBXGroup;
			children = (
				B21F5352CEF724271434D1F8 /* Pods.debug.xcconfig */,
				6689266739FA845182F693AF /* Pods.release.xcconfig */,
			);
			name = Pods;
			sourceTree = "<group>";
		};
/* End PBXGroup section */

/* Begin PBXNativeTarget section */
		3F1CABF21C74B84D0048BB0C /* Echo */ = {
			isa = PBXNativeTarget;
			buildConfigurationList = 3F1CAC1B1C74B84E0048BB0C /* Build configuration list for PBXNativeTarget "Echo" */;
			buildPhases = (
				9BFCF9EE8F492AC874CF3785 /* Check Pods Manifest.lock */,
				3F1CABEF1C74B84D0048BB0C /* Sources */,
				3F1CABF01C74B84D0048BB0C /* Frameworks */,
				3F1CABF11C74B84D0048BB0C /* Resources */,
				9A8AC06B2FC27A976D03499F /* Embed Pods Frameworks */,
				CD27CF84DBE656EE925E759D /* Copy Pods Resources */,
			);
			buildRules = (
			);
			dependencies = (
			);
			name = Echo;
			productName = Echo;
			productReference = 3F1CABF31C74B84D0048BB0C /* Echo.app */;
			productType = "com.apple.product-type.application";
		};
		3F1CAC061C74B84E0048BB0C /* EchoTests */ = {
			isa = PBXNativeTarget;
			buildConfigurationList = 3F1CAC1E1C74B84E0048BB0C /* Build configuration list for PBXNativeTarget "EchoTests" */;
			buildPhases = (
				3F1CAC031C74B84E0048BB0C /* Sources */,
				3F1CAC041C74B84E0048BB0C /* Frameworks */,
				3F1CAC051C74B84E0048BB0C /* Resources */,
			);
			buildRules = (
			);
			dependencies = (
				3F1CAC091C74B84E0048BB0C /* PBXTargetDependency */,
			);
			name = EchoTests;
			productName = EchoTests;
			productReference = 3F1CAC071C74B84E0048BB0C /* EchoTests.xctest */;
			productType = "com.apple.product-type.bundle.unit-test";
		};
		3F1CAC111C74B84E0048BB0C /* EchoUITests */ = {
			isa = PBXNativeTarget;
			buildConfigurationList = 3F1CAC211C74B84E0048BB0C /* Build configuration list for PBXNativeTarget "EchoUITests" */;
			buildPhases = (
				3F1CAC0E1C74B84E0048BB0C /* Sources */,
				3F1CAC0F1C74B84E0048BB0C /* Frameworks */,
				3F1CAC101C74B84E0048BB0C /* Resources */,
			);
			buildRules = (
			);
			dependencies = (
				3F1CAC141C74B84E0048BB0C /* PBXTargetDependency */,
			);
			name = EchoUITests;
			productName = EchoUITests;
			productReference = 3F1CAC121C74B84E0048BB0C /* EchoUITests.xctest */;
			productType = "com.apple.product-type.bundle.ui-testing";
		};
/* End PBXNativeTarget section */

/* Begin PBXProject section */
		3F1CABEB1C74B84D0048BB0C /* Project object */ = {
			isa = PBXProject;
			attributes = {
				LastSwiftUpdateCheck = 0700;
				LastUpgradeCheck = 0700;
				ORGANIZATIONNAME = "Duke University";
				TargetAttributes = {
					3F1CABF21C74B84D0048BB0C = {
						CreatedOnToolsVersion = 7.0.1;
					};
					3F1CAC061C74B84E0048BB0C = {
						CreatedOnToolsVersion = 7.0.1;
						TestTargetID = 3F1CABF21C74B84D0048BB0C;
					};
					3F1CAC111C74B84E0048BB0C = {
						CreatedOnToolsVersion = 7.0.1;
						TestTargetID = 3F1CABF21C74B84D0048BB0C;
					};
				};
			};
			buildConfigurationList = 3F1CABEE1C74B84D0048BB0C /* Build configuration list for PBXProject "Echo" */;
			compatibilityVersion = "Xcode 3.2";
			developmentRegion = English;
			hasScannedForEncodings = 0;
			knownRegions = (
				en,
				Base,
			);
			mainGroup = 3F1CABEA1C74B84D0048BB0C;
			productRefGroup = 3F1CABF41C74B84D0048BB0C /* Products */;
			projectDirPath = "";
			projectRoot = "";
			targets = (
				3F1CABF21C74B84D0048BB0C /* Echo */,
				3F1CAC061C74B84E0048BB0C /* EchoTests */,
				3F1CAC111C74B84E0048BB0C /* EchoUITests */,
			);
		};
/* End PBXProject section */

/* Begin PBXResourcesBuildPhase section */
		3F1CABF11C74B84D0048BB0C /* Resources */ = {
			isa = PBXResourcesBuildPhase;
			buildActionMask = 2147483647;
			files = (
				3F1CAC011C74B84D0048BB0C /* LaunchScreen.storyboard in Resources */,
				3F1CABFE1C74B84D0048BB0C /* Assets.xcassets in Resources */,
				3F1CABFC1C74B84D0048BB0C /* Main.storyboard in Resources */,
			);
			runOnlyForDeploymentPostprocessing = 0;
		};
		3F1CAC051C74B84E0048BB0C /* Resources */ = {
			isa = PBXResourcesBuildPhase;
			buildActionMask = 2147483647;
			files = (
			);
			runOnlyForDeploymentPostprocessing = 0;
		};
		3F1CAC101C74B84E0048BB0C /* Resources */ = {
			isa = PBXResourcesBuildPhase;
			buildActionMask = 2147483647;
			files = (
			);
			runOnlyForDeploymentPostprocessing = 0;
		};
/* End PBXResourcesBuildPhase section */

/* Begin PBXShellScriptBuildPhase section */
		9A8AC06B2FC27A976D03499F /* Embed Pods Frameworks */ = {
			isa = PBXShellScriptBuildPhase;
			buildActionMask = 2147483647;
			files = (
			);
			inputPaths = (
			);
			name = "Embed Pods Frameworks";
			outputPaths = (
			);
			runOnlyForDeploymentPostprocessing = 0;
			shellPath = /bin/sh;
			shellScript = "\"${SRCROOT}/Pods/Target Support Files/Pods/Pods-frameworks.sh\"\n";
			showEnvVarsInLog = 0;
		};
		9BFCF9EE8F492AC874CF3785 /* Check Pods Manifest.lock */ = {
			isa = PBXShellScriptBuildPhase;
			buildActionMask = 2147483647;
			files = (
			);
			inputPaths = (
			);
			name = "Check Pods Manifest.lock";
			outputPaths = (
			);
			runOnlyForDeploymentPostprocessing = 0;
			shellPath = /bin/sh;
			shellScript = "diff \"${PODS_ROOT}/../Podfile.lock\" \"${PODS_ROOT}/Manifest.lock\" > /dev/null\nif [[ $? != 0 ]] ; then\n    cat << EOM\nerror: The sandbox is not in sync with the Podfile.lock. Run 'pod install' or update your CocoaPods installation.\nEOM\n    exit 1\nfi\n";
			showEnvVarsInLog = 0;
		};
		CD27CF84DBE656EE925E759D /* Copy Pods Resources */ = {
			isa = PBXShellScriptBuildPhase;
			buildActionMask = 2147483647;
			files = (
			);
			inputPaths = (
			);
			name = "Copy Pods Resources";
			outputPaths = (
			);
			runOnlyForDeploymentPostprocessing = 0;
			shellPath = /bin/sh;
			shellScript = "\"${SRCROOT}/Pods/Target Support Files/Pods/Pods-resources.sh\"\n";
			showEnvVarsInLog = 0;
		};
/* End PBXShellScriptBuildPhase section */

/* Begin PBXSourcesBuildPhase section */
		3F1CABEF1C74B84D0048BB0C /* Sources */ = {
			isa = PBXSourcesBuildPhase;
			buildActionMask = 2147483647;
			files = (
				3F2E84FC1CB05FF2003458E4 /* EchoFeedTableViewCell.swift in Sources */,
				3F2AF1591CB18AD7002856C5 /* UploadViewController.swift in Sources */,
				3F2402C31CB2DF4F00E0E92D /* CircularLoaderView.swift in Sources */,
				3F1CAC291C74BA950048BB0C /* Voice.swift in Sources */,
				3F1CAC271C74B9F10048BB0C /* LoginViewController.swift in Sources */,
				3F2E729F1CAA48B000DB3E35 /* SignUpViewController.swift in Sources */,
				3F394B3B1CB983610082F732 /* NSNotificationCenterKeys.swift in Sources */,
				3F394B371CB8ABAF0082F732 /* RecordBtnView.swift in Sources */,
				3F2361DC1C87341B008C53E8 /* RecordViewController.swift in Sources */,
				3F2402CB1CB2ED1200E0E92D /* PlayBtnView.swift in Sources */,
				3F394B391CB96F8C0082F732 /* ButtonState.swift in Sources */,
				3F2402C11CB2A5F800E0E92D /* EchoLabelView.swift in Sources */,
				3F2E729D1CAA35F800DB3E35 /* ExplorationViewController.swift in Sources */,
				3F2402C91CB2E28300E0E92D /* ChatViewController.swift in Sources */,
				3F1CABF91C74B84D0048BB0C /* ViewController.swift in Sources */,
				3F2E729B1CAA349900DB3E35 /* InfoViewController.swift in Sources */,
				3F1CABF71C74B84D0048BB0C /* AppDelegate.swift in Sources */,
			);
			runOnlyForDeploymentPostprocessing = 0;
		};
		3F1CAC031C74B84E0048BB0C /* Sources */ = {
			isa = PBXSourcesBuildPhase;
			buildActionMask = 2147483647;
			files = (
				3F1CAC0C1C74B84E0048BB0C /* EchoTests.swift in Sources */,
			);
			runOnlyForDeploymentPostprocessing = 0;
		};
		3F1CAC0E1C74B84E0048BB0C /* Sources */ = {
			isa = PBXSourcesBuildPhase;
			buildActionMask = 2147483647;
			files = (
				3F1CAC171C74B84E0048BB0C /* EchoUITests.swift in Sources */,
			);
			runOnlyForDeploymentPostprocessing = 0;
		};
/* End PBXSourcesBuildPhase section */

/* Begin PBXTargetDependency section */
		3F1CAC091C74B84E0048BB0C /* PBXTargetDependency */ = {
			isa = PBXTargetDependency;
			target = 3F1CABF21C74B84D0048BB0C /* Echo */;
			targetProxy = 3F1CAC081C74B84E0048BB0C /* PBXContainerItemProxy */;
		};
		3F1CAC141C74B84E0048BB0C /* PBXTargetDependency */ = {
			isa = PBXTargetDependency;
			target = 3F1CABF21C74B84D0048BB0C /* Echo */;
			targetProxy = 3F1CAC131C74B84E0048BB0C /* PBXContainerItemProxy */;
		};
/* End PBXTargetDependency section */

/* Begin PBXVariantGroup section */
		3F1CABFA1C74B84D0048BB0C /* Main.storyboard */ = {
			isa = PBXVariantGroup;
			children = (
				3F1CABFB1C74B84D0048BB0C /* Base */,
			);
			name = Main.storyboard;
			sourceTree = "<group>";
		};
		3F1CABFF1C74B84D0048BB0C /* LaunchScreen.storyboard */ = {
			isa = PBXVariantGroup;
			children = (
				3F1CAC001C74B84D0048BB0C /* Base */,
			);
			name = LaunchScreen.storyboard;
			sourceTree = "<group>";
		};
/* End PBXVariantGroup section */

/* Begin XCBuildConfiguration section */
		3F1CAC191C74B84E0048BB0C /* Debug */ = {
			isa = XCBuildConfiguration;
			buildSettings = {
				ALWAYS_SEARCH_USER_PATHS = NO;
				CLANG_CXX_LANGUAGE_STANDARD = "gnu++0x";
				CLANG_CXX_LIBRARY = "libc++";
				CLANG_ENABLE_MODULES = YES;
				CLANG_ENABLE_OBJC_ARC = YES;
				CLANG_WARN_BOOL_CONVERSION = YES;
				CLANG_WARN_CONSTANT_CONVERSION = YES;
				CLANG_WARN_DIRECT_OBJC_ISA_USAGE = YES_ERROR;
				CLANG_WARN_EMPTY_BODY = YES;
				CLANG_WARN_ENUM_CONVERSION = YES;
				CLANG_WARN_INT_CONVERSION = YES;
				CLANG_WARN_OBJC_ROOT_CLASS = YES_ERROR;
				CLANG_WARN_UNREACHABLE_CODE = YES;
				CLANG_WARN__DUPLICATE_METHOD_MATCH = YES;
				"CODE_SIGN_IDENTITY[sdk=iphoneos*]" = "iPhone Developer";
				COPY_PHASE_STRIP = NO;
				DEBUG_INFORMATION_FORMAT = dwarf;
				ENABLE_STRICT_OBJC_MSGSEND = YES;
				ENABLE_TESTABILITY = YES;
				GCC_C_LANGUAGE_STANDARD = gnu99;
				GCC_DYNAMIC_NO_PIC = NO;
				GCC_NO_COMMON_BLOCKS = YES;
				GCC_OPTIMIZATION_LEVEL = 0;
				GCC_PREPROCESSOR_DEFINITIONS = (
					"DEBUG=1",
					"$(inherited)",
				);
				GCC_WARN_64_TO_32_BIT_CONVERSION = YES;
				GCC_WARN_ABOUT_RETURN_TYPE = YES_ERROR;
				GCC_WARN_UNDECLARED_SELECTOR = YES;
				GCC_WARN_UNINITIALIZED_AUTOS = YES_AGGRESSIVE;
				GCC_WARN_UNUSED_FUNCTION = YES;
				GCC_WARN_UNUSED_VARIABLE = YES;
				IPHONEOS_DEPLOYMENT_TARGET = 9.0;
				MTL_ENABLE_DEBUG_INFO = YES;
				ONLY_ACTIVE_ARCH = YES;
				SDKROOT = iphoneos;
				SWIFT_OPTIMIZATION_LEVEL = "-Onone";
				TARGETED_DEVICE_FAMILY = "1,2";
			};
			name = Debug;
		};
		3F1CAC1A1C74B84E0048BB0C /* Release */ = {
			isa = XCBuildConfiguration;
			buildSettings = {
				ALWAYS_SEARCH_USER_PATHS = NO;
				CLANG_CXX_LANGUAGE_STANDARD = "gnu++0x";
				CLANG_CXX_LIBRARY = "libc++";
				CLANG_ENABLE_MODULES = YES;
				CLANG_ENABLE_OBJC_ARC = YES;
				CLANG_WARN_BOOL_CONVERSION = YES;
				CLANG_WARN_CONSTANT_CONVERSION = YES;
				CLANG_WARN_DIRECT_OBJC_ISA_USAGE = YES_ERROR;
				CLANG_WARN_EMPTY_BODY = YES;
				CLANG_WARN_ENUM_CONVERSION = YES;
				CLANG_WARN_INT_CONVERSION = YES;
				CLANG_WARN_OBJC_ROOT_CLASS = YES_ERROR;
				CLANG_WARN_UNREACHABLE_CODE = YES;
				CLANG_WARN__DUPLICATE_METHOD_MATCH = YES;
				"CODE_SIGN_IDENTITY[sdk=iphoneos*]" = "iPhone Developer";
				COPY_PHASE_STRIP = NO;
				DEBUG_INFORMATION_FORMAT = "dwarf-with-dsym";
				ENABLE_NS_ASSERTIONS = NO;
				ENABLE_STRICT_OBJC_MSGSEND = YES;
				GCC_C_LANGUAGE_STANDARD = gnu99;
				GCC_NO_COMMON_BLOCKS = YES;
				GCC_WARN_64_TO_32_BIT_CONVERSION = YES;
				GCC_WARN_ABOUT_RETURN_TYPE = YES_ERROR;
				GCC_WARN_UNDECLARED_SELECTOR = YES;
				GCC_WARN_UNINITIALIZED_AUTOS = YES_AGGRESSIVE;
				GCC_WARN_UNUSED_FUNCTION = YES;
				GCC_WARN_UNUSED_VARIABLE = YES;
				IPHONEOS_DEPLOYMENT_TARGET = 9.0;
				MTL_ENABLE_DEBUG_INFO = NO;
				SDKROOT = iphoneos;
				TARGETED_DEVICE_FAMILY = "1,2";
				VALIDATE_PRODUCT = YES;
			};
			name = Release;
		};
		3F1CAC1C1C74B84E0048BB0C /* Debug */ = {
			isa = XCBuildConfiguration;
			baseConfigurationReference = B21F5352CEF724271434D1F8 /* Pods.debug.xcconfig */;
			buildSettings = {
				ASSETCATALOG_COMPILER_APPICON_NAME = AppIcon;
				INFOPLIST_FILE = Echo/Info.plist;
				LD_RUNPATH_SEARCH_PATHS = "$(inherited) @executable_path/Frameworks";
				PRODUCT_BUNDLE_IDENTIFIER = edu.duke.yq25.Echo;
				PRODUCT_NAME = "$(TARGET_NAME)";
				SWIFT_OPTIMIZATION_LEVEL = "-Onone";
			};
			name = Debug;
		};
		3F1CAC1D1C74B84E0048BB0C /* Release */ = {
			isa = XCBuildConfiguration;
			baseConfigurationReference = 6689266739FA845182F693AF /* Pods.release.xcconfig */;
			buildSettings = {
				ASSETCATALOG_COMPILER_APPICON_NAME = AppIcon;
				"FRAMEWORK_SEARCH_PATHS[arch=*]" = (
					"$(inherited)",
					"\"$PODS_FRAMEWORK_BUILD_PATH\"",
					"$(SRCROOT)",
				);
				INFOPLIST_FILE = Echo/Info.plist;
				LD_RUNPATH_SEARCH_PATHS = "$(inherited) @executable_path/Frameworks";
				PRODUCT_BUNDLE_IDENTIFIER = edu.duke.yq25.Echo;
				PRODUCT_NAME = "$(TARGET_NAME)";
				SWIFT_OPTIMIZATION_LEVEL = "-Onone";
			};
			name = Release;
		};
		3F1CAC1F1C74B84E0048BB0C /* Debug */ = {
			isa = XCBuildConfiguration;
			buildSettings = {
				BUNDLE_LOADER = "$(TEST_HOST)";
				INFOPLIST_FILE = EchoTests/Info.plist;
				LD_RUNPATH_SEARCH_PATHS = "$(inherited) @executable_path/Frameworks @loader_path/Frameworks";
				PRODUCT_BUNDLE_IDENTIFIER = edu.duke.yq25.EchoTests;
				PRODUCT_NAME = "$(TARGET_NAME)";
				TEST_HOST = "$(BUILT_PRODUCTS_DIR)/Echo.app/Echo";
			};
			name = Debug;
		};
		3F1CAC201C74B84E0048BB0C /* Release */ = {
			isa = XCBuildConfiguration;
			buildSettings = {
				BUNDLE_LOADER = "$(TEST_HOST)";
				INFOPLIST_FILE = EchoTests/Info.plist;
				LD_RUNPATH_SEARCH_PATHS = "$(inherited) @executable_path/Frameworks @loader_path/Frameworks";
				PRODUCT_BUNDLE_IDENTIFIER = edu.duke.yq25.EchoTests;
				PRODUCT_NAME = "$(TARGET_NAME)";
				TEST_HOST = "$(BUILT_PRODUCTS_DIR)/Echo.app/Echo";
			};
			name = Release;
		};
		3F1CAC221C74B84E0048BB0C /* Debug */ = {
			isa = XCBuildConfiguration;
			buildSettings = {
				INFOPLIST_FILE = EchoUITests/Info.plist;
				LD_RUNPATH_SEARCH_PATHS = "$(inherited) @executable_path/Frameworks @loader_path/Frameworks";
				PRODUCT_BUNDLE_IDENTIFIER = edu.duke.yq25.EchoUITests;
				PRODUCT_NAME = "$(TARGET_NAME)";
				TEST_TARGET_NAME = Echo;
				USES_XCTRUNNER = YES;
			};
			name = Debug;
		};
		3F1CAC231C74B84E0048BB0C /* Release */ = {
			isa = XCBuildConfiguration;
			buildSettings = {
				INFOPLIST_FILE = EchoUITests/Info.plist;
				LD_RUNPATH_SEARCH_PATHS = "$(inherited) @executable_path/Frameworks @loader_path/Frameworks";
				PRODUCT_BUNDLE_IDENTIFIER = edu.duke.yq25.EchoUITests;
				PRODUCT_NAME = "$(TARGET_NAME)";
				TEST_TARGET_NAME = Echo;
				USES_XCTRUNNER = YES;
			};
			name = Release;
		};
/* End XCBuildConfiguration section */

/* Begin XCConfigurationList section */
		3F1CABEE1C74B84D0048BB0C /* Build configuration list for PBXProject "Echo" */ = {
			isa = XCConfigurationList;
			buildConfigurations = (
				3F1CAC191C74B84E0048BB0C /* Debug */,
				3F1CAC1A1C74B84E0048BB0C /* Release */,
			);
			defaultConfigurationIsVisible = 0;
			defaultConfigurationName = Release;
		};
		3F1CAC1B1C74B84E0048BB0C /* Build configuration list for PBXNativeTarget "Echo" */ = {
			isa = XCConfigurationList;
			buildConfigurations = (
				3F1CAC1C1C74B84E0048BB0C /* Debug */,
				3F1CAC1D1C74B84E0048BB0C /* Release */,
			);
			defaultConfigurationIsVisible = 0;
			defaultConfigurationName = Release;
		};
		3F1CAC1E1C74B84E0048BB0C /* Build configuration list for PBXNativeTarget "EchoTests" */ = {
			isa = XCConfigurationList;
			buildConfigurations = (
				3F1CAC1F1C74B84E0048BB0C /* Debug */,
				3F1CAC201C74B84E0048BB0C /* Release */,
			);
			defaultConfigurationIsVisible = 0;
			defaultConfigurationName = Release;
		};
		3F1CAC211C74B84E0048BB0C /* Build configuration list for PBXNativeTarget "EchoUITests" */ = {
			isa = XCConfigurationList;
			buildConfigurations = (
				3F1CAC221C74B84E0048BB0C /* Debug */,
				3F1CAC231C74B84E0048BB0C /* Release */,
			);
			defaultConfigurationIsVisible = 0;
			defaultConfigurationName = Release;
		};
/* End XCConfigurationList section */
	};
	rootObject = 3F1CABEB1C74B84D0048BB0C /* Project object */;
}
